
Microsoft Visual Studio Solution File, Format Version 12.00
# Visual Studio Version 16
VisualStudioVersion = 16.0.33927.289
MinimumVisualStudioVersion = 10.0.40219.1
Project("{2150E333-8FDC-42A3-9474-1A3956D46DE8}") = "Task0", "Task0", "{3CD8057C-079E-43C3-A7C7-B7AB405F79B3}"
EndProject
Project("{FAE04EC0-301F-11D3-BF4B-00C04F79EFBC}") = "Tyuiu.KarpovAA.Sprint2.Task0.V27", "Tyuiu.KarpovAA.Sprint2.Task0.V27\Tyuiu.KarpovAA.Sprint2.Task0.V27.csproj", "{9AAA674C-8411-4AD8-A2D4-6DD50CA58F26}"
EndProject
Project("{FAE04EC0-301F-11D3-BF4B-00C04F79EFBC}") = "Tyuiu.KarpovAA.Sprint2.Task0.V27.Lib", "Tyuiu.KarpovAA.Sprint2.Task0.V27.Lib\Tyuiu.KarpovAA.Sprint2.Task0.V27.Lib.csproj", "{0395AAD1-FFD3-4884-A46C-A6906AD2BA62}"
EndProject
Project("{FAE04EC0-301F-11D3-BF4B-00C04F79EFBC}") = "Tyuiu.KarpovAA.Sprint2.Task0.V27.Test", "Tyuiu.KarpovAA.Sprint2.Task0.V27.Test\Tyuiu.KarpovAA.Sprint2.Task0.V27.Test.csproj", "{DE5F164A-F9D1-4093-BEAE-C8DD1BF4745B}"
EndProject
Project("{2150E333-8FDC-42A3-9474-1A3956D46DE8}") = "Task1", "Task1", "{7BE0C9FC-DD55-49BB-90E4-382EE3E9B9A7}"
EndProject
Project("{FAE04EC0-301F-11D3-BF4B-00C04F79EFBC}") = "Tyuiu.KarpovAA.Sprint2.Task1.V9", "Tyuiu.KarpovAA.Sprint2.Task1.V9\Tyuiu.KarpovAA.Sprint2.Task1.V9.csproj", "{CF347E94-5149-4A76-8F69-4BAD423A695B}"
EndProject
Project("{FAE04EC0-301F-11D3-BF4B-00C04F79EFBC}") = "Tyuiu.KarpovAA.Sprint2.Task1.V9.Lib", "Tyuiu.KarpovAA.Sprint2.Task1.V9.Lib\Tyuiu.KarpovAA.Sprint2.Task1.V9.Lib.csproj", "{7B055A5B-C751-455F-A960-913A032D3D05}"
EndProject
Project("{FAE04EC0-301F-11D3-BF4B-00C04F79EFBC}") = "Tyuiu.KarpovAA.Sprint2.Task1.V9.Test", "Tyuiu.KarpovAA.Sprint2.Task1.V9.Test\Tyuiu.KarpovAA.Sprint2.Task1.V9.Test.csproj", "{4337FB30-AEA4-4EA7-B75E-8F0B842CB5C7}"
EndProject
Project("{2150E333-8FDC-42A3-9474-1A3956D46DE8}") = "Task2", "Task2", "{F49B535C-9488-41AE-83F5-D62D56DC7494}"
EndProject
Project("{FAE04EC0-301F-11D3-BF4B-00C04F79EFBC}") = "Tyuiu.KarpovAA.Sprint2.Task2.V28", "Tyuiu.KarpovAA.Sprint2.Task2.V28\Tyuiu.KarpovAA.Sprint2.Task2.V28.csproj", "{90433B1C-3E48-4E6E-BC6D-ADDDB7677E1D}"
EndProject
Project("{FAE04EC0-301F-11D3-BF4B-00C04F79EFBC}") = "Tyuiu.KarpovAA.Sprint2.Task2.V28.Lib", "Tyuiu.KarpovAA.Sprint2.Task2.V28.Lib\Tyuiu.KarpovAA.Sprint2.Task2.V28.Lib.csproj", "{AF1F5EFC-E62D-4548-8E98-97916335AC48}"
EndProject
Project("{FAE04EC0-301F-11D3-BF4B-00C04F79EFBC}") = "Tyuiu.KarpovAA.Sprint2.Task2.V28.Test", "Tyuiu.KarpovAA.Sprint2.Task2.V28.Test\Tyuiu.KarpovAA.Sprint2.Task2.V28.Test.csproj", "{DBFF6C96-F056-4727-8203-ECC720776086}"
EndProject
Global
	GlobalSection(SolutionConfigurationPlatforms) = preSolution
		Debug|Any CPU = Debug|Any CPU
		Release|Any CPU = Release|Any CPU
	EndGlobalSection
	GlobalSection(ProjectConfigurationPlatforms) = postSolution
		{9AAA674C-8411-4AD8-A2D4-6DD50CA58F26}.Debug|Any CPU.ActiveCfg = Debug|Any CPU
		{9AAA674C-8411-4AD8-A2D4-6DD50CA58F26}.Debug|Any CPU.Build.0 = Debug|Any CPU
		{9AAA674C-8411-4AD8-A2D4-6DD50CA58F26}.Release|Any CPU.ActiveCfg = Release|Any CPU
		{9AAA674C-8411-4AD8-A2D4-6DD50CA58F26}.Release|Any CPU.Build.0 = Release|Any CPU
		{0395AAD1-FFD3-4884-A46C-A6906AD2BA62}.Debug|Any CPU.ActiveCfg = Debug|Any CPU
		{0395AAD1-FFD3-4884-A46C-A6906AD2BA62}.Debug|Any CPU.Build.0 = Debug|Any CPU
		{0395AAD1-FFD3-4884-A46C-A6906AD2BA62}.Release|Any CPU.ActiveCfg = Release|Any CPU
		{0395AAD1-FFD3-4884-A46C-A6906AD2BA62}.Release|Any CPU.Build.0 = Release|Any CPU
		{DE5F164A-F9D1-4093-BEAE-C8DD1BF4745B}.Debug|Any CPU.ActiveCfg = Debug|Any CPU
		{DE5F164A-F9D1-4093-BEAE-C8DD1BF4745B}.Debug|Any CPU.Build.0 = Debug|Any CPU
		{DE5F164A-F9D1-4093-BEAE-C8DD1BF4745B}.Release|Any CPU.ActiveCfg = Release|Any CPU
		{DE5F164A-F9D1-4093-BEAE-C8DD1BF4745B}.Release|Any CPU.Build.0 = Release|Any CPU
		{CF347E94-5149-4A76-8F69-4BAD423A695B}.Debug|Any CPU.ActiveCfg = Debug|Any CPU
		{CF347E94-5149-4A76-8F69-4BAD423A695B}.Debug|Any CPU.Build.0 = Debug|Any CPU
		{CF347E94-5149-4A76-8F69-4BAD423A695B}.Release|Any CPU.ActiveCfg = Release|Any CPU
		{CF347E94-5149-4A76-8F69-4BAD423A695B}.Release|Any CPU.Build.0 = Release|Any CPU
		{7B055A5B-C751-455F-A960-913A032D3D05}.Debug|Any CPU.ActiveCfg = Debug|Any CPU
		{7B055A5B-C751-455F-A960-913A032D3D05}.Debug|Any CPU.Build.0 = Debug|Any CPU
		{7B055A5B-C751-455F-A960-913A032D3D05}.Release|Any CPU.ActiveCfg = Release|Any CPU
		{7B055A5B-C751-455F-A960-913A032D3D05}.Release|Any CPU.Build.0 = Release|Any CPU
		{4337FB30-AEA4-4EA7-B75E-8F0B842CB5C7}.Debug|Any CPU.ActiveCfg = Debug|Any CPU
		{4337FB30-AEA4-4EA7-B75E-8F0B842CB5C7}.Debug|Any CPU.Build.0 = Debug|Any CPU
		{4337FB30-AEA4-4EA7-B75E-8F0B842CB5C7}.Release|Any CPU.ActiveCfg = Release|Any CPU
		{4337FB30-AEA4-4EA7-B75E-8F0B842CB5C7}.Release|Any CPU.Build.0 = Release|Any CPU
		{90433B1C-3E48-4E6E-BC6D-ADDDB7677E1D}.Debug|Any CPU.ActiveCfg = Debug|Any CPU
		{90433B1C-3E48-4E6E-BC6D-ADDDB7677E1D}.Debug|Any CPU.Build.0 = Debug|Any CPU
		{90433B1C-3E48-4E6E-BC6D-ADDDB7677E1D}.Release|Any CPU.ActiveCfg = Release|Any CPU
		{90433B1C-3E48-4E6E-BC6D-ADDDB7677E1D}.Release|Any CPU.Build.0 = Release|Any CPU
		{AF1F5EFC-E62D-4548-8E98-97916335AC48}.Debug|Any CPU.ActiveCfg = Debug|Any CPU
		{AF1F5EFC-E62D-4548-8E98-97916335AC48}.Debug|Any CPU.Build.0 = Debug|Any CPU
		{AF1F5EFC-E62D-4548-8E98-97916335AC48}.Release|Any CPU.ActiveCfg = Release|Any CPU
		{AF1F5EFC-E62D-4548-8E98-97916335AC48}.Release|Any CPU.Build.0 = Release|Any CPU
		{DBFF6C96-F056-4727-8203-ECC720776086}.Debug|Any CPU.ActiveCfg = Debug|Any CPU
		{DBFF6C96-F056-4727-8203-ECC720776086}.Debug|Any CPU.Build.0 = Debug|Any CPU
		{DBFF6C96-F056-4727-8203-ECC720776086}.Release|Any CPU.ActiveCfg = Release|Any CPU
		{DBFF6C96-F056-4727-8203-ECC720776086}.Release|Any CPU.Build.0 = Release|Any CPU
	EndGlobalSection
	GlobalSection(SolutionProperties) = preSolution
		HideSolutionNode = FALSE
	EndGlobalSection
	GlobalSection(NestedProjects) = preSolution
		{9AAA674C-8411-4AD8-A2D4-6DD50CA58F26} = {3CD8057C-079E-43C3-A7C7-B7AB405F79B3}
		{0395AAD1-FFD3-4884-A46C-A6906AD2BA62} = {3CD8057C-079E-43C3-A7C7-B7AB405F79B3}
		{DE5F164A-F9D1-4093-BEAE-C8DD1BF4745B} = {3CD8057C-079E-43C3-A7C7-B7AB405F79B3}
		{CF347E94-5149-4A76-8F69-4BAD423A695B} = {7BE0C9FC-DD55-49BB-90E4-382EE3E9B9A7}
		{7B055A5B-C751-455F-A960-913A032D3D05} = {7BE0C9FC-DD55-49BB-90E4-382EE3E9B9A7}
		{4337FB30-AEA4-4EA7-B75E-8F0B842CB5C7} = {7BE0C9FC-DD55-49BB-90E4-382EE3E9B9A7}
		{90433B1C-3E48-4E6E-BC6D-ADDDB7677E1D} = {F49B535C-9488-41AE-83F5-D62D56DC7494}
		{AF1F5EFC-E62D-4548-8E98-97916335AC48} = {F49B535C-9488-41AE-83F5-D62D56DC7494}
		{DBFF6C96-F056-4727-8203-ECC720776086} = {F49B535C-9488-41AE-83F5-D62D56DC7494}
	EndGlobalSection
	GlobalSection(ExtensibilityGlobals) = postSolution
		SolutionGuid = {E62B2620-DF72-49FB-812C-9077720D2C80}
	EndGlobalSection
EndGlobal
